# THIS IS AN AUTOGENERATED FILE. DO NOT EDIT THIS FILE DIRECTLY.
# yarn lockfile v1


git-last-commit@^1.0.0:
  version "1.0.0"
  resolved "https://registry.yarnpkg.com/git-last-commit/-/git-last-commit-1.0.0.tgz#49acbad49b0ec4dae33d3a3ac7ab0a1bacf4928e"
  integrity sha512-wpnmsd2dW1MnoencljcWO/06VUealfMaY40ZjK5t3v9ljL+bKCMbNaTn/YzwIh4pDo2hk5QcN+pLzUJ8aWB17A==
